
Microsoft Visual Studio Solution File, Format Version 12.00
# Visual Studio Version 17
VisualStudioVersion = 17.4.33213.308
MinimumVisualStudioVersion = 10.0.40219.1
Project("{FAE04EC0-301F-11D3-BF4B-00C04F79EFBC}") = "FinancialLibrary", "FinancialLibrary\FinancialLibrary.csproj", "{C264957D-B77B-43B4-81FC-BC2D30981E51}"
EndProject
Project("{FAE04EC0-301F-11D3-BF4B-00C04F79EFBC}") = "FinancialWPFApp", "FinancialWPFApp\FinancialWPFApp.csproj", "{955B26D0-9DCD-44EE-B893-DF74D0463EAA}"
EndProject
Global
	GlobalSection(SolutionConfigurationPlatforms) = preSolution
		Debug|Any CPU = Debug|Any CPU
		Release|Any CPU = Release|Any CPU
	EndGlobalSection
	GlobalSection(ProjectConfigurationPlatforms) = postSolution
		{C264957D-B77B-43B4-81FC-BC2D30981E51}.Debug|Any CPU.ActiveCfg = Debug|Any CPU
		{C264957D-B77B-43B4-81FC-BC2D30981E51}.Debug|Any CPU.Build.0 = Debug|Any CPU
		{C264957D-B77B-43B4-81FC-BC2D30981E51}.Release|Any CPU.ActiveCfg = Release|Any CPU
		{C264957D-B77B-43B4-81FC-BC2D30981E51}.Release|Any CPU.Build.0 = Release|Any CPU
		{955B26D0-9DCD-44EE-B893-DF74D0463EAA}.Debug|Any CPU.ActiveCfg = Debug|Any CPU
		{955B26D0-9DCD-44EE-B893-DF74D0463EAA}.Debug|Any CPU.Build.0 = Debug|Any CPU
		{955B26D0-9DCD-44EE-B893-DF74D0463EAA}.Release|Any CPU.ActiveCfg = Release|Any CPU
		{955B26D0-9DCD-44EE-B893-DF74D0463EAA}.Release|Any CPU.Build.0 = Release|Any CPU
	EndGlobalSection
	GlobalSection(SolutionProperties) = preSolution
		HideSolutionNode = FALSE
	EndGlobalSection
	GlobalSection(ExtensibilityGlobals) = postSolution
		SolutionGuid = {DF8B051A-CFD6-4908-B2E6-3633F812FD51}
	EndGlobalSection
EndGlobal
